github.com/ExtraWhy/internal-libs v0.0.0-20250407192835-f68f807ddb90 h1:MahabxxgQ+7NQUPH5szmWRHQlvrbxHYs98oMmgNKc20=
github.com/ExtraWhy/internal-libs v0.0.0-20250407192835-f68f807ddb90/go.mod h1:cyTfKXECXqwSnGDQdIiAZ2vRAFcJnA8p+rX096EW0/I=
github.com/ExtraWhy/internal-libs v0.0.0-20250408151131-c346099a5add h1:eKd7LPncF4yIGUtU+KQ+xEI9qxdtMFs9MKa9XzAvFXk=
github.com/ExtraWhy/internal-libs v0.0.0-20250408151131-c346099a5add/go.mod h1:cyTfKXECXqwSnGDQdIiAZ2vRAFcJnA8p+rX096EW0/I=
